
Microsoft Visual Studio Solution File, Format Version 12.00
# Visual Studio Version 16
VisualStudioVersion = 16.0.29230.47
MinimumVisualStudioVersion = 10.0.40219.1
Project("{FAE04EC0-301F-11D3-BF4B-00C04F79EFBC}") = "TaskManager", "TaskManager\TaskManager.csproj", "{80FE0973-99C5-48B2-8CCF-8FF90B3CBD00}"
EndProject
Project("{FAE04EC0-301F-11D3-BF4B-00C04F79EFBC}") = "TaskManagerUI", "TaskManagerUI\TaskManagerUI.csproj", "{D62A12FB-DC18-4255-B21F-F938A8189B64}"
EndProject
Global
	GlobalSection(SolutionConfigurationPlatforms) = preSolution
		Debug|Any CPU = Debug|Any CPU
		Release|Any CPU = Release|Any CPU
	EndGlobalSection
	GlobalSection(ProjectConfigurationPlatforms) = postSolution
		{80FE0973-99C5-48B2-8CCF-8FF90B3CBD00}.Debug|Any CPU.ActiveCfg = Debug|Any CPU
		{80FE0973-99C5-48B2-8CCF-8FF90B3CBD00}.Debug|Any CPU.Build.0 = Debug|Any CPU
		{80FE0973-99C5-48B2-8CCF-8FF90B3CBD00}.Release|Any CPU.ActiveCfg = Release|Any CPU
		{80FE0973-99C5-48B2-8CCF-8FF90B3CBD00}.Release|Any CPU.Build.0 = Release|Any CPU
		{D62A12FB-DC18-4255-B21F-F938A8189B64}.Debug|Any CPU.ActiveCfg = Debug|Any CPU
		{D62A12FB-DC18-4255-B21F-F938A8189B64}.Debug|Any CPU.Build.0 = Debug|Any CPU
		{D62A12FB-DC18-4255-B21F-F938A8189B64}.Release|Any CPU.ActiveCfg = Release|Any CPU
		{D62A12FB-DC18-4255-B21F-F938A8189B64}.Release|Any CPU.Build.0 = Release|Any CPU
	EndGlobalSection
	GlobalSection(SolutionProperties) = preSolution
		HideSolutionNode = FALSE
	EndGlobalSection
	GlobalSection(ExtensibilityGlobals) = postSolution
		SolutionGuid = {4BB3466D-94B7-4412-8050-B8EE07FB32BF}
	EndGlobalSection
EndGlobal
